
Microsoft Visual Studio Solution File, Format Version 12.00
# Visual Studio Version 17
VisualStudioVersion = 17.8.34330.188
MinimumVisualStudioVersion = 10.0.40219.1
Project("{FAE04EC0-301F-11D3-BF4B-00C04F79EFBC}") = "Lab10", "Lab10\Lab10.csproj", "{00A1E842-2686-4EC3-B884-2A85235CAA8E}"
EndProject
Global
	GlobalSection(SolutionConfigurationPlatforms) = preSolution
		Debug|Any CPU = Debug|Any CPU
		Release|Any CPU = Release|Any CPU
	EndGlobalSection
	GlobalSection(ProjectConfigurationPlatforms) = postSolution
		{00A1E842-2686-4EC3-B884-2A85235CAA8E}.Debug|Any CPU.ActiveCfg = Debug|Any CPU
		{00A1E842-2686-4EC3-B884-2A85235CAA8E}.Debug|Any CPU.Build.0 = Debug|Any CPU
		{00A1E842-2686-4EC3-B884-2A85235CAA8E}.Release|Any CPU.ActiveCfg = Release|Any CPU
		{00A1E842-2686-4EC3-B884-2A85235CAA8E}.Release|Any CPU.Build.0 = Release|Any CPU
	EndGlobalSection
	GlobalSection(SolutionProperties) = preSolution
		HideSolutionNode = FALSE
	EndGlobalSection
	GlobalSection(ExtensibilityGlobals) = postSolution
		SolutionGuid = {A6C74769-9192-40BD-A17E-F2C78E6935C6}
	EndGlobalSection
EndGlobal
