
Microsoft Visual Studio Solution File, Format Version 12.00
# Visual Studio Version 17
VisualStudioVersion = 17.8.34330.188
MinimumVisualStudioVersion = 10.0.40219.1
Project("{FAE04EC0-301F-11D3-BF4B-00C04F79EFBC}") = "Lab14", "Lab14\Lab14.csproj", "{6C5E9A9B-3ED6-445B-9BB1-9CB5EFC5EAEF}"
EndProject
Global
	GlobalSection(SolutionConfigurationPlatforms) = preSolution
		Debug|Any CPU = Debug|Any CPU
		Release|Any CPU = Release|Any CPU
	EndGlobalSection
	GlobalSection(ProjectConfigurationPlatforms) = postSolution
		{6C5E9A9B-3ED6-445B-9BB1-9CB5EFC5EAEF}.Debug|Any CPU.ActiveCfg = Debug|Any CPU
		{6C5E9A9B-3ED6-445B-9BB1-9CB5EFC5EAEF}.Debug|Any CPU.Build.0 = Debug|Any CPU
		{6C5E9A9B-3ED6-445B-9BB1-9CB5EFC5EAEF}.Release|Any CPU.ActiveCfg = Release|Any CPU
		{6C5E9A9B-3ED6-445B-9BB1-9CB5EFC5EAEF}.Release|Any CPU.Build.0 = Release|Any CPU
	EndGlobalSection
	GlobalSection(SolutionProperties) = preSolution
		HideSolutionNode = FALSE
	EndGlobalSection
	GlobalSection(ExtensibilityGlobals) = postSolution
		SolutionGuid = {C1EE4DAD-8831-41F4-9EAD-AA508DFF0934}
	EndGlobalSection
EndGlobal
