
Microsoft Visual Studio Solution File, Format Version 12.00
# Visual Studio Version 17
VisualStudioVersion = 17.8.34316.72
MinimumVisualStudioVersion = 10.0.40219.1
Project("{FAE04EC0-301F-11D3-BF4B-00C04F79EFBC}") = "Lab", "Lab\Lab.csproj", "{7FB6D501-7A54-4C28-8AE2-EFBE68A9076D}"
EndProject
Global
	GlobalSection(SolutionConfigurationPlatforms) = preSolution
		Debug|Any CPU = Debug|Any CPU
		Release|Any CPU = Release|Any CPU
	EndGlobalSection
	GlobalSection(ProjectConfigurationPlatforms) = postSolution
		{7FB6D501-7A54-4C28-8AE2-EFBE68A9076D}.Debug|Any CPU.ActiveCfg = Debug|Any CPU
		{7FB6D501-7A54-4C28-8AE2-EFBE68A9076D}.Debug|Any CPU.Build.0 = Debug|Any CPU
		{7FB6D501-7A54-4C28-8AE2-EFBE68A9076D}.Release|Any CPU.ActiveCfg = Release|Any CPU
		{7FB6D501-7A54-4C28-8AE2-EFBE68A9076D}.Release|Any CPU.Build.0 = Release|Any CPU
	EndGlobalSection
	GlobalSection(SolutionProperties) = preSolution
		HideSolutionNode = FALSE
	EndGlobalSection
	GlobalSection(ExtensibilityGlobals) = postSolution
		SolutionGuid = {50A897BB-B72C-454A-867E-93ED3923D86A}
	EndGlobalSection
EndGlobal
